
Microsoft Visual Studio Solution File, Format Version 12.00
# Visual Studio Version 16
VisualStudioVersion = 16.0.32126.315
MinimumVisualStudioVersion = 10.0.40219.1
Project("{9A19103F-16F7-4668-BE54-9A1E7A4F7556}") = "dotnet uitvogelen", "dotnet uitvogelen.csproj", "{91B3AABF-2F55-4925-ABBA-F58D801DB7E0}"
EndProject
Project("{FAE04EC0-301F-11D3-BF4B-00C04F79EFBC}") = "HelloWorld", "..\HelloWorld\HelloWorld.csproj", "{21149D7E-D5A7-4209-AD95-6EAA90E3ECED}"
EndProject
Global
	GlobalSection(SolutionConfigurationPlatforms) = preSolution
		Debug|Any CPU = Debug|Any CPU
		Release|Any CPU = Release|Any CPU
	EndGlobalSection
	GlobalSection(ProjectConfigurationPlatforms) = postSolution
		{91B3AABF-2F55-4925-ABBA-F58D801DB7E0}.Debug|Any CPU.ActiveCfg = Debug|Any CPU
		{91B3AABF-2F55-4925-ABBA-F58D801DB7E0}.Debug|Any CPU.Build.0 = Debug|Any CPU
		{91B3AABF-2F55-4925-ABBA-F58D801DB7E0}.Release|Any CPU.ActiveCfg = Release|Any CPU
		{91B3AABF-2F55-4925-ABBA-F58D801DB7E0}.Release|Any CPU.Build.0 = Release|Any CPU
		{21149D7E-D5A7-4209-AD95-6EAA90E3ECED}.Debug|Any CPU.ActiveCfg = Debug|Any CPU
		{21149D7E-D5A7-4209-AD95-6EAA90E3ECED}.Debug|Any CPU.Build.0 = Debug|Any CPU
		{21149D7E-D5A7-4209-AD95-6EAA90E3ECED}.Release|Any CPU.ActiveCfg = Release|Any CPU
		{21149D7E-D5A7-4209-AD95-6EAA90E3ECED}.Release|Any CPU.Build.0 = Release|Any CPU
	EndGlobalSection
	GlobalSection(SolutionProperties) = preSolution
		HideSolutionNode = FALSE
	EndGlobalSection
	GlobalSection(ExtensibilityGlobals) = postSolution
		SolutionGuid = {3E653664-96F4-47DF-BE3C-49CB2D167B4E}
	EndGlobalSection
EndGlobal
